Microsoft Visual Studio Solution File, Format Version 12.00
# Visual Studio Version 17
VisualStudioVersion = 17.14.35906.104
MinimumVisualStudioVersion = 10.0.40219.1
Project("{FAE04EC0-301F-11D3-BF4B-00C04F79EFBC}") = "tugas1", "tugas1.csproj", "{6BA87B31-5D70-4032-BF48-EE93B752F7A9}"
EndProject
Global
	GlobalSection(SolutionConfigurationPlatforms) = preSolution
		Debug|Any CPU = Debug|Any CPU
		Release|Any CPU = Release|Any CPU
	EndGlobalSection
	GlobalSection(ProjectConfigurationPlatforms) = postSolution
		{6BA87B31-5D70-4032-BF48-EE93B752F7A9}.Debug|Any CPU.ActiveCfg = Debug|Any CPU
		{6BA87B31-5D70-4032-BF48-EE93B752F7A9}.Debug|Any CPU.Build.0 = Debug|Any CPU
		{6BA87B31-5D70-4032-BF48-EE93B752F7A9}.Release|Any CPU.ActiveCfg = Release|Any CPU
		{6BA87B31-5D70-4032-BF48-EE93B752F7A9}.Release|Any CPU.Build.0 = Release|Any CPU
	EndGlobalSection
	GlobalSection(SolutionProperties) = preSolution
		HideSolutionNode = FALSE
	EndGlobalSection
	GlobalSection(ExtensibilityGlobals) = postSolution
		SolutionGuid = {40691F4A-5FB1-42F2-9916-11D94F00D32D}
	EndGlobalSection
EndGlobal
